Microsoft Visual Studio Solution File, Format Version 12.00
# Visual Studio Version 17
VisualStudioVersion = 17.5.2.0
MinimumVisualStudioVersion = 10.0.40219.1
Project("{FAE04EC0-301F-11D3-BF4B-00C04F79EFBC}") = "PasabuyAPI", "PasabuyAPI.csproj", "{0DC84D0F-67B1-AF8E-D664-E671FBC76A3D}"
EndProject
Global
	GlobalSection(SolutionConfigurationPlatforms) = preSolution
		Debug|Any CPU = Debug|Any CPU
		Release|Any CPU = Release|Any CPU
	EndGlobalSection
	GlobalSection(ProjectConfigurationPlatforms) = postSolution
		{0DC84D0F-67B1-AF8E-D664-E671FBC76A3D}.Debug|Any CPU.ActiveCfg = Debug|Any CPU
		{0DC84D0F-67B1-AF8E-D664-E671FBC76A3D}.Debug|Any CPU.Build.0 = Debug|Any CPU
		{0DC84D0F-67B1-AF8E-D664-E671FBC76A3D}.Release|Any CPU.ActiveCfg = Release|Any CPU
		{0DC84D0F-67B1-AF8E-D664-E671FBC76A3D}.Release|Any CPU.Build.0 = Release|Any CPU
	EndGlobalSection
	GlobalSection(SolutionProperties) = preSolution
		HideSolutionNode = FALSE
	EndGlobalSection
	GlobalSection(ExtensibilityGlobals) = postSolution
		SolutionGuid = {E445E945-4704-44F5-AD58-B09F853B7984}
	EndGlobalSection
EndGlobal
